// !$*UTF8*$!
{
	archiveVersion = 1;
	classes = {
	};
	objectVersion = 46;
	objects = {

/* Begin PBXBuildFile section */
		7CCE8AA019F2FBF8009068BB /* AppDelegate.swift in Sources */ = {isa = PBXBuildFile; fileRef = 7CCE8A9F19F2FBF8009068BB /* AppDelegate.swift */; };
		7CCE8AA219F2FBF8009068BB /* ViewController.swift in Sources */ = {isa = PBXBuildFile; fileRef = 7CCE8AA119F2FBF8009068BB /* ViewController.swift */; };
		7CCE8AA519F2FBF8009068BB /* Main.storyboard in Resources */ = {isa = PBXBuildFile; fileRef = 7CCE8AA319F2FBF8009068BB /* Main.storyboard */; };
		7CCE8AA719F2FBF8009068BB /* Images.xcassets in Resources */ = {isa = PBXBuildFile; fileRef = 7CCE8AA619F2FBF8009068BB /* Images.xcassets */; };
		7CCE8AAA19F2FBF8009068BB /* LaunchScreen.xib in Resources */ = {isa = PBXBuildFile; fileRef = 7CCE8AA819F2FBF8009068BB /* LaunchScreen.xib */; };
		7CCE8AB619F2FBF8009068BB /* SimplyScalesTests.swift in Sources */ = {isa = PBXBuildFile; fileRef = 7CCE8AB519F2FBF8009068BB /* SimplyScalesTests.swift */; };
/* End PBXBuildFile section */

/* Begin PBXContainerItemProxy section */
		7CCE8AB019F2FBF8009068BB /* PBXContainerItemProxy */ = {
			isa = PBXContainerItemProxy;
			containerPortal = 7CCE8A9219F2FBF8009068BB /* Project object */;
			proxyType = 1;
			remoteGlobalIDString = 7CCE8A9919F2FBF8009068BB;
			remoteInfo = SimplyScales;
		};
/* End PBXContainerItemProxy section */

/* Begin PBXFileReference section */
		7CCE8A9A19F2FBF8009068BB /* SimplyScales.app */ = {isa = PBXFileReference; explicitFileType = wrapper.application; includeInIndex = 0; path = SimplyScales.app; sourceTree = BUILT_PRODUCTS_DIR; };
		7CCE8A9E19F2FBF8009068BB /* Info.plist */ = {isa = PBXFileReference; lastKnownFileType = text.plist.xml; path = Info.plist; sourceTree = "<group>"; };
		7CCE8A9F19F2FBF8009068BB /* AppDelegate.swift */ = {isa = PBXFileReference; lastKnownFileType = sourcecode.swift; path = AppDelegate.swift; sourceTree = "<group>"; };
		7CCE8AA119F2FBF8009068BB /* ViewController.swift */ = {isa = PBXFileReference; lastKnownFileType = sourcecode.swift; path = ViewController.swift; sourceTree = "<group>"; };
		7CCE8AA419F2FBF8009068BB /* Base */ = {isa = PBXFileReference; lastKnownFileType = file.storyboard; name = Base; path = Base.lproj/Main.storyboard; sourceTree = "<group>"; };
		7CCE8AA619F2FBF8009068BB /* Images.xcassets */ = {isa = PBXFileReference; lastKnownFileType = folder.assetcatalog; path = Images.xcassets; sourceTree = "<group>"; };
		7CCE8AA919F2FBF8009068BB /* Base */ = {isa = PBXFileReference; lastKnownFileType = file.xib; name = Base; path = Base.lproj/LaunchScreen.xib; sourceTree = "<group>"; };
		7CCE8AAF19F2FBF8009068BB /* SimplyScalesTests.xctest */ = {isa = PBXFileReference; explicitFileType = wrapper.cfbundle; includeInIndex = 0; path = SimplyScalesTests.xctest; sourceTree = BUILT_PRODUCTS_DIR; };
		7CCE8AB419F2FBF8009068BB /* Info.plist */ = {isa = PBXFileReference; lastKnownFileType = text.plist.xml; path = Info.plist; sourceTree = "<group>"; };
		7CCE8AB519F2FBF8009068BB /* SimplyScalesTests.swift */ = {isa = PBXFileReference; lastKnownFileType = sourcecode.swift; path = SimplyScalesTests.swift; sourceTree = "<group>"; };
/* End PBXFileReference section */

/* Begin PBXFrameworksBuildPhase section */
		7CCE8A9719F2FBF8009068BB /* Frameworks */ = {
			isa = PBXFrameworksBuildPhase;
			buildActionMask = 2147483647;
			files = (
			);
			runOnlyForDeploymentPostprocessing = 0;
		};
		7CCE8AAC19F2FBF8009068BB /* Frameworks */ = {
			isa = PBXFrameworksBuildPhase;
			buildActionMask = 2147483647;
			files = (
			);
			runOnlyForDeploymentPostprocessing = 0;
		};
/* End PBXFrameworksBuildPhase section */

/* Begin PBXGroup section */
		7CCE8A9119F2FBF8009068BB = {
			isa = PBXGroup;
			children = (
				7CCE8A9C19F2FBF8009068BB /* SimplyScales */,
				7CCE8AB219F2FBF8009068BB /* SimplyScalesTests */,
				7CCE8A9B19F2FBF8009068BB /* Products */,
			);
			sourceTree = "<group>";
		};
		7CCE8A9B19F2FBF8009068BB /* Products */ = {
			isa = PBXGroup;
			children = (
				7CCE8A9A19F2FBF8009068BB /* SimplyScales.app */,
				7CCE8AAF19F2FBF8009068BB /* SimplyScalesTests.xctest */,
			);
			name = Products;
			sourceTree = "<group>";
		};
		7CCE8A9C19F2FBF8009068BB /* SimplyScales */ = {
			isa = PBXGroup;
			children = (
				7CCE8A9F19F2FBF8009068BB /* AppDelegate.swift */,
				7CCE8AA119F2FBF8009068BB /* ViewController.swift */,
				7CCE8AA319F2FBF8009068BB /* Main.storyboard */,
				7CCE8AA619F2FBF8009068BB /* Images.xcassets */,
				7CCE8AA819F2FBF8009068BB /* LaunchScreen.xib */,
				7CCE8A9D19F2FBF8009068BB /* Supporting Files */,
			);
			path = SimplyScales;
			sourceTree = "<group>";
		};
		7CCE8A9D19F2FBF8009068BB /* Supporting Files */ = {
			isa = PBXGroup;
			children = (
				7CCE8A9E19F2FBF8009068BB /* Info.plist */,
			);
			name = "Supporting Files";
			sourceTree = "<group>";
		};
		7CCE8AB219F2FBF8009068BB /* SimplyScalesTests */ = {
			isa = PBXGroup;
			children = (
				7CCE8AB519F2FBF8009068BB /* SimplyScalesTests.swift */,
				7CCE8AB319F2FBF8009068BB /* Supporting Files */,
			);
			path = SimplyScalesTests;
			sourceTree = "<group>";
		};
		7CCE8AB319F2FBF8009068BB /* Supporting Files */ = {
			isa = PBXGroup;
			children = (
				7CCE8AB419F2FBF8009068BB /* Info.plist */,
			);
			name = "Supporting Files";
			sourceTree = "<group>";
		};
/* End PBXGroup section */

/* Begin PBXNativeTarget section */
		7CCE8A9919F2FBF8009068BB /* SimplyScales */ = {
			isa = PBXNativeTarget;
			buildConfigurationList = 7CCE8AB919F2FBF8009068BB /* Build configuration list for PBXNativeTarget "SimplyScales" */;
			buildPhases = (
				7CCE8A9619F2FBF8009068BB /* Sources */,
				7CCE8A9719F2FBF8009068BB /* Frameworks */,
				7CCE8A9819F2FBF8009068BB /* Resources */,
			);
			buildRules = (
			);
			dependencies = (
			);
			name = SimplyScales;
			productName = SimplyScales;
			productReference = 7CCE8A9A19F2FBF8009068BB /* SimplyScales.app */;
			productType = "com.apple.product-type.application";
		};
		7CCE8AAE19F2FBF8009068BB /* SimplyScalesTests */ = {
			isa = PBXNativeTarget;
			buildConfigurationList = 7CCE8ABC19F2FBF8009068BB /* Build configuration list for PBXNativeTarget "SimplyScalesTests" */;
			buildPhases = (
				7CCE8AAB19F2FBF8009068BB /* Sources */,
				7CCE8AAC19F2FBF8009068BB /* Frameworks */,
				7CCE8AAD19F2FBF8009068BB /* Resources */,
			);
			buildRules = (
			);
			dependencies = (
				7CCE8AB119F2FBF8009068BB /* PBXTargetDependency */,
			);
			name = SimplyScalesTests;
			productName = SimplyScalesTests;
			productReference = 7CCE8AAF19F2FBF8009068BB /* SimplyScalesTests.xctest */;
			productType = "com.apple.product-type.bundle.unit-test";
		};
/* End PBXNativeTarget section */

/* Begin PBXProject section */
		7CCE8A9219F2FBF8009068BB /* Project object */ = {
			isa = PBXProject;
			attributes = {
				LastUpgradeCheck = 0600;
				ORGANIZATIONNAME = "Joseph Herkness";
				TargetAttributes = {
					7CCE8A9919F2FBF8009068BB = {
						CreatedOnToolsVersion = 6.0.1;
					};
					7CCE8AAE19F2FBF8009068BB = {
						CreatedOnToolsVersion = 6.0.1;
						TestTargetID = 7CCE8A9919F2FBF8009068BB;
					};
				};
			};
			buildConfigurationList = 7CCE8A9519F2FBF8009068BB /* Build configuration list for PBXProject "SimplyScales" */;
			compatibilityVersion = "Xcode 3.2";
			developmentRegion = English;
			hasScannedForEncodings = 0;
			knownRegions = (
				en,
				Base,
			);
			mainGroup = 7CCE8A9119F2FBF8009068BB;
			productRefGroup = 7CCE8A9B19F2FBF8009068BB /* Products */;
			projectDirPath = "";
			projectRoot = "";
			targets = (
				7CCE8A9919F2FBF8009068BB /* SimplyScales */,
				7CCE8AAE19F2FBF8009068BB /* SimplyScalesTests */,
			);
		};
/* End PBXProject section */

/* Begin PBXResourcesBuildPhase section */
		7CCE8A9819F2FBF8009068BB /* Resources */ = {
			isa = PBXResourcesBuildPhase;
			buildActionMask = 2147483647;
			files = (
				7CCE8AA519F2FBF8009068BB /* Main.storyboard in Resources */,
				7CCE8AAA19F2FBF8009068BB /* LaunchScreen.xib in Resources */,
				7CCE8AA719F2FBF8009068BB /* Images.xcassets in Resources */,
			);
			runOnlyForDeploymentPostprocessing = 0;
		};
		7CCE8AAD19F2FBF8009068BB /* Resources */ = {
			isa = PBXResourcesBuildPhase;
			buildActionMask = 2147483647;
			files = (
			);
			runOnlyForDeploymentPostprocessing = 0;
		};
/* End PBXResourcesBuildPhase section */

/* Begin PBXSourcesBuildPhase section */
		7CCE8A9619F2FBF8009068BB /* Sources */ = {
			isa = PBXSourcesBuildPhase;
			buildActionMask = 2147483647;
			files = (
				7CCE8AA219F2FBF8009068BB /* ViewController.swift in Sources */,
				7CCE8AA019F2FBF8009068BB /* AppDelegate.swift in Sources */,
			);
			runOnlyForDeploymentPostprocessing = 0;
		};
		7CCE8AAB19F2FBF8009068BB /* Sources */ = {
			isa = PBXSourcesBuildPhase;
			buildActionMask = 2147483647;
			files = (
				7CCE8AB619F2FBF8009068BB /* SimplyScalesTests.swift in Sources */,
			);
			runOnlyForDeploymentPostprocessing = 0;
		};
/* End PBXSourcesBuildPhase section */

/* Begin PBXTargetDependency section */
		7CCE8AB119F2FBF8009068BB /* PBXTargetDependency */ = {
			isa = PBXTargetDependency;
			target = 7CCE8A9919F2FBF8009068BB /* SimplyScales */;
			targetProxy = 7CCE8AB019F2FBF8009068BB /* PBXContainerItemProxy */;
		};
/* End PBXTargetDependency section */

/* Begin PBXVariantGroup section */
		7CCE8AA319F2FBF8009068BB /* Main.storyboard */ = {
			isa = PBXVariantGroup;
			children = (
				7CCE8AA419F2FBF8009068BB /* Base */,
			);
			name = Main.storyboard;
			sourceTree = "<group>";
		};
		7CCE8AA819F2FBF8009068BB /* LaunchScreen.xib */ = {
			isa = PBXVariantGroup;
			children = (
				7CCE8AA919F2FBF8009068BB /* Base */,
			);
			name = LaunchScreen.xib;
			sourceTree = "<group>";
		};
/* End PBXVariantGroup section */

/* Begin XCBuildConfiguration section */
		7CCE8AB719F2FBF8009068BB /* Debug */ = {
			isa = XCBuildConfiguration;
			buildSettings = {
				ALWAYS_SEARCH_USER_PATHS = NO;
				CLANG_CXX_LANGUAGE_STANDARD = "gnu++0x";
				CLANG_CXX_LIBRARY = "libc++";
				CLANG_ENABLE_MODULES = YES;
				CLANG_ENABLE_OBJC_ARC = YES;
				CLANG_WARN_BOOL_CONVERSION = YES;
				CLANG_WARN_CONSTANT_CONVERSION = YES;
				CLANG_WARN_DIRECT_OBJC_ISA_USAGE = YES_ERROR;
				CLANG_WARN_EMPTY_BODY = YES;
				CLANG_WARN_ENUM_CONVERSION = YES;
				CLANG_WARN_INT_CONVERSION = YES;
				CLANG_WARN_OBJC_ROOT_CLASS = YES_ERROR;
				CLANG_WARN_UNREACHABLE_CODE = YES;
				CLANG_WARN__DUPLICATE_METHOD_MATCH = YES;
				"CODE_SIGN_IDENTITY[sdk=iphoneos*]" = "iPhone Developer";
				COPY_PHASE_STRIP = NO;
				ENABLE_STRICT_OBJC_MSGSEND = YES;
				GCC_C_LANGUAGE_STANDARD = gnu99;
				GCC_DYNAMIC_NO_PIC = NO;
				GCC_OPTIMIZATION_LEVEL = 0;
				GCC_PREPROCESSOR_DEFINITIONS = (
					"DEBUG=1",
					"$(inherited)",
				);
				GCC_SYMBOLS_PRIVATE_EXTERN = NO;
				GCC_WARN_64_TO_32_BIT_CONVERSION = YES;
				GCC_WARN_ABOUT_RETURN_TYPE = YES_ERROR;
				GCC_WARN_UNDECLARED_SELECTOR = YES;
				GCC_WARN_UNINITIALIZED_AUTOS = YES_AGGRESSIVE;
				GCC_WARN_UNUSED_FUNCTION = YES;
				GCC_WARN_UNUSED_VARIABLE = YES;
				IPHONEOS_DEPLOYMENT_TARGET = 8.0;
				MTL_ENABLE_DEBUG_INFO = YES;
				ONLY_ACTIVE_ARCH = YES;
				SDKROOT = iphoneos;
				SWIFT_OPTIMIZATION_LEVEL = "-Onone";
				TARGETED_DEVICE_FAMILY = "1,2";
			};
			name = Debug;
		};
		7CCE8AB819F2FBF8009068BB /* Release */ = {
			isa = XCBuildConfiguration;
			buildSettings = {
				ALWAYS_SEARCH_USER_PATHS = NO;
				CLANG_CXX_LANGUAGE_STANDARD = "gnu++0x";
				CLANG_CXX_LIBRARY = "libc++";
				CLANG_ENABLE_MODULES = YES;
				CLANG_ENABLE_OBJC_ARC = YES;
				CLANG_WARN_BOOL_CONVERSION = YES;
				CLANG_WARN_CONSTANT_CONVERSION = YES;
				CLANG_WARN_DIRECT_OBJC_ISA_USAGE = YES_ERROR;
				CLANG_WARN_EMPTY_BODY = YES;
				CLANG_WARN_ENUM_CONVERSION = YES;
				CLANG_WARN_INT_CONVERSION = YES;
				CLANG_WARN_OBJC_ROOT_CLASS = YES_ERROR;
				CLANG_WARN_UNREACHABLE_CODE = YES;
				CLANG_WARN__DUPLICATE_METHOD_MATCH = YES;
				"CODE_SIGN_IDENTITY[sdk=iphoneos*]" = "iPhone Developer";
				COPY_PHASE_STRIP = YES;
				ENABLE_NS_ASSERTIONS = NO;
				ENABLE_STRICT_OBJC_MSGSEND = YES;
				GCC_C_LANGUAGE_STANDARD = gnu99;
				GCC_WARN_64_TO_32_BIT_CONVERSION = YES;
				GCC_WARN_ABOUT_RETURN_TYPE = YES_ERROR;
				GCC_WARN_UNDECLARED_SELECTOR = YES;
				GCC_WARN_UNINITIALIZED_AUTOS = YES_AGGRESSIVE;
				GCC_WARN_UNUSED_FUNCTION = YES;
				GCC_WARN_UNUSED_VARIABLE = YES;
				IPHONEOS_DEPLOYMENT_TARGET = 8.0;
				MTL_ENABLE_DEBUG_INFO = NO;
				SDKROOT = iphoneos;
				TARGETED_DEVICE_FAMILY = "1,2";
				VALIDATE_PRODUCT = YES;
			};
			name = Release;
		};
		7CCE8ABA19F2FBF8009068BB /* Debug */ = {
			isa = XCBuildConfiguration;
			buildSettings = {
				ASSETCATALOG_COMPILER_APPICON_NAME = AppIcon;
				INFOPLIST_FILE = SimplyScales/Info.plist;
				LD_RUNPATH_SEARCH_PATHS = "$(inherited) @executable_path/Frameworks";
				PRODUCT_NAME = "$(TARGET_NAME)";
			};
			name = Debug;
		};
		7CCE8ABB19F2FBF8009068BB /* Release */ = {
			isa = XCBuildConfiguration;
			buildSettings = {
				ASSETCATALOG_COMPILER_APPICON_NAME = AppIcon;
				INFOPLIST_FILE = SimplyScales/Info.plist;
				LD_RUNPATH_SEARCH_PATHS = "$(inherited) @executable_path/Frameworks";
				PRODUCT_NAME = "$(TARGET_NAME)";
			};
			name = Release;
		};
		7CCE8ABD19F2FBF8009068BB /* Debug */ = {
			isa = XCBuildConfiguration;
			buildSettings = {
				BUNDLE_LOADER = "$(TEST_HOST)";
				FRAMEWORK_SEARCH_PATHS = (
					"$(SDKROOT)/Developer/Library/Frameworks",
					"$(inherited)",
				);
				GCC_PREPROCESSOR_DEFINITIONS = (
					"DEBUG=1",
					"$(inherited)",
				);
				INFOPLIST_FILE = SimplyScalesTests/Info.plist;
				LD_RUNPATH_SEARCH_PATHS = "$(inherited) @executable_path/Frameworks @loader_path/Frameworks";
				PRODUCT_NAME = "$(TARGET_NAME)";
				TEST_HOST = "$(BUILT_PRODUCTS_DIR)/SimplyScales.app/SimplyScales";
			};
			name = Debug;
		};
		7CCE8ABE19F2FBF8009068BB /* Release */ = {
			isa = XCBuildConfiguration;
			buildSettings = {
				BUNDLE_LOADER = "$(TEST_HOST)";
				FRAMEWORK_SEARCH_PATHS = (
					"$(SDKROOT)/Developer/Library/Frameworks",
					"$(inherited)",
				);
				INFOPLIST_FILE = SimplyScalesTests/Info.plist;
				LD_RUNPATH_SEARCH_PATHS = "$(inherited) @executable_path/Frameworks @loader_path/Frameworks";
				PRODUCT_NAME = "$(TARGET_NAME)";
				TEST_HOST = "$(BUILT_PRODUCTS_DIR)/SimplyScales.app/SimplyScales";
			};
			name = Release;
		};
/* End XCBuildConfiguration section */

/* Begin XCConfigurationList section */
		7CCE8A9519F2FBF8009068BB /* Build configuration list for PBXProject "SimplyScales" */ = {
			isa = XCConfigurationList;
			buildConfigurations = (
				7CCE8AB719F2FBF8009068BB /* Debug */,
				7CCE8AB819F2FBF8009068BB /* Release */,
			);
			defaultConfigurationIsVisible = 0;
			defaultConfigurationName = Release;
		};
		7CCE8AB919F2FBF8009068BB /* Build configuration list for PBXNativeTarget "SimplyScales" */ = {
			isa = XCConfigurationList;
			buildConfigurations = (
				7CCE8ABA19F2FBF8009068BB /* Debug */,
				7CCE8ABB19F2FBF8009068BB /* Release */,
			);
			defaultConfigurationIsVisible = 0;
		};
		7CCE8ABC19F2FBF8009068BB /* Build configuration list for PBXNativeTarget "SimplyScalesTests" */ = {
			isa = XCConfigurationList;
			buildConfigurations = (
				7CCE8ABD19F2FBF8009068BB /* Debug */,
				7CCE8ABE19F2FBF8009068BB /* Release */,
			);
			defaultConfigurationIsVisible = 0;
		};
/* End XCConfigurationList section */
	};
	rootObject = 7CCE8A9219F2FBF8009068BB /* Project object */;
}
